
Microsoft Visual Studio Solution File, Format Version 10.00
# Visual Studio 2008
Project("{FAE04EC0-301F-11D3-BF4B-00C04F79EFBC}") = "Universal_Editor", "Universal_Editor.csproj", "{C45C62A4-98E1-4768-9690-EFD2EB2C3272}"
	ProjectSection(ProjectDependencies) = postProject
		{91BB212C-D158-4B83-A3BC-1A41BBDC8463} = {91BB212C-D158-4B83-A3BC-1A41BBDC8463}
		{69C99442-953E-4559-96D3-C82CC57A3C87} = {69C99442-953E-4559-96D3-C82CC57A3C87}
		{E763345E-6696-4C53-8764-47E4ABD67DEF} = {E763345E-6696-4C53-8764-47E4ABD67DEF}
		{FEA18B6C-491F-401A-A06B-AE47888FF288} = {FEA18B6C-491F-401A-A06B-AE47888FF288}
		{18AE3994-8F48-49B1-AC63-342F70ED1135} = {18AE3994-8F48-49B1-AC63-342F70ED1135}
		{3232779E-E9F4-4D70-9969-F435D98B1A8B} = {3232779E-E9F4-4D70-9969-F435D98B1A8B}
	EndProjectSection
EndProject
Project("{FAE04EC0-301F-11D3-BF4B-00C04F79EFBC}") = "MyDownloader.App", "Downloader Application\MyDownloader.App\MyDownloader.App.csproj", "{18AE3994-8F48-49B1-AC63-342F70ED1135}"
EndProject
Project("{FAE04EC0-301F-11D3-BF4B-00C04F79EFBC}") = "MyDownloader.Core", "Downloader Application\MyDownloader.Core\MyDownloader.Core.csproj", "{E763345E-6696-4C53-8764-47E4ABD67DEF}"
EndProject
Project("{FAE04EC0-301F-11D3-BF4B-00C04F79EFBC}") = "MyDownloader.Extension", "Downloader Application\MyDownloader.Extension\MyDownloader.Extension.csproj", "{FEA18B6C-491F-401A-A06B-AE47888FF288}"
EndProject
Project("{FAE04EC0-301F-11D3-BF4B-00C04F79EFBC}") = "MyDownloader.Tests", "Downloader Application\MyDownloader.Tests\MyDownloader.Tests.csproj", "{3232779E-E9F4-4D70-9969-F435D98B1A8B}"
EndProject
Project("{FAE04EC0-301F-11D3-BF4B-00C04F79EFBC}") = "MyDownloader.Spider", "Downloader Application\MyDownloader.Spider\MyDownloader.Spider.csproj", "{69C99442-953E-4559-96D3-C82CC57A3C87}"
EndProject
Project("{FAE04EC0-301F-11D3-BF4B-00C04F79EFBC}") = "MyDownloader.IEPlugin", "Downloader Application\MyDownloader.IEPlugin\MyDownloader.IEPlugin.csproj", "{91BB212C-D158-4B83-A3BC-1A41BBDC8463}"
EndProject
Project("{F184B08F-C81C-45F6-A57F-5ABD9991F28F}") = "NLSFT_WB", "Browser\NLSFT_WB\NLSFT_WB.vbproj", "{488BAD4A-18C7-4954-ACC8-FC7B4A31F6F7}"
EndProject
Project("{FAE04EC0-301F-11D3-BF4B-00C04F79EFBC}") = "ChatClient", "ChatClient\ChatClient.csproj", "{A4E944F2-E298-4D6D-9276-6A1891036128}"
EndProject
Project("{FAE04EC0-301F-11D3-BF4B-00C04F79EFBC}") = "YouTubeDownloader", "..\YTD\YouTubeDownloader.csproj", "{75011A46-1E75-4C1E-92FF-4798338F177F}"
EndProject
Global
	GlobalSection(SolutionConfigurationPlatforms) = preSolution
		Debug|Any CPU = Debug|Any CPU
		Debug|Mixed Platforms = Debug|Mixed Platforms
		Debug|x86 = Debug|x86
		Release|Any CPU = Release|Any CPU
		Release|Mixed Platforms = Release|Mixed Platforms
		Release|x86 = Release|x86
		Release2005|Any CPU = Release2005|Any CPU
		Release2005|Mixed Platforms = Release2005|Mixed Platforms
		Release2005|x86 = Release2005|x86
		ReleaseTrial|Any CPU = ReleaseTrial|Any CPU
		ReleaseTrial|Mixed Platforms = ReleaseTrial|Mixed Platforms
		ReleaseTrial|x86 = ReleaseTrial|x86
		ReleaseTrial2005|Any CPU = ReleaseTrial2005|Any CPU
		ReleaseTrial2005|Mixed Platforms = ReleaseTrial2005|Mixed Platforms
		ReleaseTrial2005|x86 = ReleaseTrial2005|x86
		ReleaseTrialNoLimit|Any CPU = ReleaseTrialNoLimit|Any CPU
		ReleaseTrialNoLimit|Mixed Platforms = ReleaseTrialNoLimit|Mixed Platforms
		ReleaseTrialNoLimit|x86 = ReleaseTrialNoLimit|x86
	EndGlobalSection
	GlobalSection(ProjectConfigurationPlatforms) = postSolution
		{C45C62A4-98E1-4768-9690-EFD2EB2C3272}.Debug|Any CPU.ActiveCfg = Debug|Any CPU
		{C45C62A4-98E1-4768-9690-EFD2EB2C3272}.Debug|Any CPU.Build.0 = Debug|Any CPU
		{C45C62A4-98E1-4768-9690-EFD2EB2C3272}.Debug|Mixed Platforms.ActiveCfg = Debug|Any CPU
		{C45C62A4-98E1-4768-9690-EFD2EB2C3272}.Debug|Mixed Platforms.Build.0 = Debug|Any CPU
		{C45C62A4-98E1-4768-9690-EFD2EB2C3272}.Debug|x86.ActiveCfg = Debug|Any CPU
		{C45C62A4-98E1-4768-9690-EFD2EB2C3272}.Release|Any CPU.ActiveCfg = Release|Any CPU
		{C45C62A4-98E1-4768-9690-EFD2EB2C3272}.Release|Any CPU.Build.0 = Release|Any CPU
		{C45C62A4-98E1-4768-9690-EFD2EB2C3272}.Release|Mixed Platforms.ActiveCfg = Release|Any CPU
		{C45C62A4-98E1-4768-9690-EFD2EB2C3272}.Release|Mixed Platforms.Build.0 = Release|Any CPU
		{C45C62A4-98E1-4768-9690-EFD2EB2C3272}.Release|x86.ActiveCfg = Release|Any CPU
		{C45C62A4-98E1-4768-9690-EFD2EB2C3272}.Release2005|Any CPU.ActiveCfg = Release|Any CPU
		{C45C62A4-98E1-4768-9690-EFD2EB2C3272}.Release2005|Any CPU.Build.0 = Release|Any CPU
		{C45C62A4-98E1-4768-9690-EFD2EB2C3272}.Release2005|Mixed Platforms.ActiveCfg = Release|Any CPU
		{C45C62A4-98E1-4768-9690-EFD2EB2C3272}.Release2005|Mixed Platforms.Build.0 = Release|Any CPU
		{C45C62A4-98E1-4768-9690-EFD2EB2C3272}.Release2005|x86.ActiveCfg = Release|Any CPU
		{C45C62A4-98E1-4768-9690-EFD2EB2C3272}.ReleaseTrial|Any CPU.ActiveCfg = Release|Any CPU
		{C45C62A4-98E1-4768-9690-EFD2EB2C3272}.ReleaseTrial|Any CPU.Build.0 = Release|Any CPU
		{C45C62A4-98E1-4768-9690-EFD2EB2C3272}.ReleaseTrial|Mixed Platforms.ActiveCfg = Release|Any CPU
		{C45C62A4-98E1-4768-9690-EFD2EB2C3272}.ReleaseTrial|Mixed Platforms.Build.0 = Release|Any CPU
		{C45C62A4-98E1-4768-9690-EFD2EB2C3272}.ReleaseTrial|x86.ActiveCfg = Release|Any CPU
		{C45C62A4-98E1-4768-9690-EFD2EB2C3272}.ReleaseTrial2005|Any CPU.ActiveCfg = Release|Any CPU
		{C45C62A4-98E1-4768-9690-EFD2EB2C3272}.ReleaseTrial2005|Any CPU.Build.0 = Release|Any CPU
		{C45C62A4-98E1-4768-9690-EFD2EB2C3272}.ReleaseTrial2005|Mixed Platforms.ActiveCfg = Release|Any CPU
		{C45C62A4-98E1-4768-9690-EFD2EB2C3272}.ReleaseTrial2005|Mixed Platforms.Build.0 = Release|Any CPU
		{C45C62A4-98E1-4768-9690-EFD2EB2C3272}.ReleaseTrial2005|x86.ActiveCfg = Release|Any CPU
		{C45C62A4-98E1-4768-9690-EFD2EB2C3272}.ReleaseTrialNoLimit|Any CPU.ActiveCfg = Release|Any CPU
		{C45C62A4-98E1-4768-9690-EFD2EB2C3272}.ReleaseTrialNoLimit|Any CPU.Build.0 = Release|Any CPU
		{C45C62A4-98E1-4768-9690-EFD2EB2C3272}.ReleaseTrialNoLimit|Mixed Platforms.ActiveCfg = Release|Any CPU
		{C45C62A4-98E1-4768-9690-EFD2EB2C3272}.ReleaseTrialNoLimit|Mixed Platforms.Build.0 = Release|Any CPU
		{C45C62A4-98E1-4768-9690-EFD2EB2C3272}.ReleaseTrialNoLimit|x86.ActiveCfg = Release|Any CPU
		{18AE3994-8F48-49B1-AC63-342F70ED1135}.Debug|Any CPU.ActiveCfg = Debug|Any CPU
		{18AE3994-8F48-49B1-AC63-342F70ED1135}.Debug|Any CPU.Build.0 = Debug|Any CPU
		{18AE3994-8F48-49B1-AC63-342F70ED1135}.Debug|Mixed Platforms.ActiveCfg = Debug|Any CPU
		{18AE3994-8F48-49B1-AC63-342F70ED1135}.Debug|Mixed Platforms.Build.0 = Debug|Any CPU
		{18AE3994-8F48-49B1-AC63-342F70ED1135}.Debug|x86.ActiveCfg = Debug|Any CPU
		{18AE3994-8F48-49B1-AC63-342F70ED1135}.Release|Any CPU.ActiveCfg = Release|Any CPU
		{18AE3994-8F48-49B1-AC63-342F70ED1135}.Release|Any CPU.Build.0 = Release|Any CPU
		{18AE3994-8F48-49B1-AC63-342F70ED1135}.Release|Mixed Platforms.ActiveCfg = Release|Any CPU
		{18AE3994-8F48-49B1-AC63-342F70ED1135}.Release|Mixed Platforms.Build.0 = Release|Any CPU
		{18AE3994-8F48-49B1-AC63-342F70ED1135}.Release|x86.ActiveCfg = Release|Any CPU
		{18AE3994-8F48-49B1-AC63-342F70ED1135}.Release2005|Any CPU.ActiveCfg = Release|Any CPU
		{18AE3994-8F48-49B1-AC63-342F70ED1135}.Release2005|Any CPU.Build.0 = Release|Any CPU
		{18AE3994-8F48-49B1-AC63-342F70ED1135}.Release2005|Mixed Platforms.ActiveCfg = Release|Any CPU
		{18AE3994-8F48-49B1-AC63-342F70ED1135}.Release2005|Mixed Platforms.Build.0 = Release|Any CPU
		{18AE3994-8F48-49B1-AC63-342F70ED1135}.Release2005|x86.ActiveCfg = Release|Any CPU
		{18AE3994-8F48-49B1-AC63-342F70ED1135}.ReleaseTrial|Any CPU.ActiveCfg = Release|Any CPU
		{18AE3994-8F48-49B1-AC63-342F70ED1135}.ReleaseTrial|Any CPU.Build.0 = Release|Any CPU
		{18AE3994-8F48-49B1-AC63-342F70ED1135}.ReleaseTrial|Mixed Platforms.ActiveCfg = Release|Any CPU
		{18AE3994-8F48-49B1-AC63-342F70ED1135}.ReleaseTrial|Mixed Platforms.Build.0 = Release|Any CPU
		{18AE3994-8F48-49B1-AC63-342F70ED1135}.ReleaseTrial|x86.ActiveCfg = Release|Any CPU
		{18AE3994-8F48-49B1-AC63-342F70ED1135}.ReleaseTrial2005|Any CPU.ActiveCfg = Release|Any CPU
		{18AE3994-8F48-49B1-AC63-342F70ED1135}.ReleaseTrial2005|Any CPU.Build.0 = Release|Any CPU
		{18AE3994-8F48-49B1-AC63-342F70ED1135}.ReleaseTrial2005|Mixed Platforms.ActiveCfg = Release|Any CPU
		{18AE3994-8F48-49B1-AC63-342F70ED1135}.ReleaseTrial2005|Mixed Platforms.Build.0 = Release|Any CPU
		{18AE3994-8F48-49B1-AC63-342F70ED1135}.ReleaseTrial2005|x86.ActiveCfg = Release|Any CPU
		{18AE3994-8F48-49B1-AC63-342F70ED1135}.ReleaseTrialNoLimit|Any CPU.ActiveCfg = Release|Any CPU
		{18AE3994-8F48-49B1-AC63-342F70ED1135}.ReleaseTrialNoLimit|Any CPU.Build.0 = Release|Any CPU
		{18AE3994-8F48-49B1-AC63-342F70ED1135}.ReleaseTrialNoLimit|Mixed Platforms.ActiveCfg = Release|Any CPU
		{18AE3994-8F48-49B1-AC63-342F70ED1135}.ReleaseTrialNoLimit|Mixed Platforms.Build.0 = Release|Any CPU
		{18AE3994-8F48-49B1-AC63-342F70ED1135}.ReleaseTrialNoLimit|x86.ActiveCfg = Release|Any CPU
		{E763345E-6696-4C53-8764-47E4ABD67DEF}.Debug|Any CPU.ActiveCfg = Debug|Any CPU
		{E763345E-6696-4C53-8764-47E4ABD67DEF}.Debug|Any CPU.Build.0 = Debug|Any CPU
		{E763345E-6696-4C53-8764-47E4ABD67DEF}.Debug|Mixed Platforms.ActiveCfg = Debug|Any CPU
		{E763345E-6696-4C53-8764-47E4ABD67DEF}.Debug|Mixed Platforms.Build.0 = Debug|Any CPU
		{E763345E-6696-4C53-8764-47E4ABD67DEF}.Debug|x86.ActiveCfg = Debug|Any CPU
		{E763345E-6696-4C53-8764-47E4ABD67DEF}.Release|Any CPU.ActiveCfg = Release|Any CPU
		{E763345E-6696-4C53-8764-47E4ABD67DEF}.Release|Any CPU.Build.0 = Release|Any CPU
		{E763345E-6696-4C53-8764-47E4ABD67DEF}.Release|Mixed Platforms.ActiveCfg = Release|Any CPU
		{E763345E-6696-4C53-8764-47E4ABD67DEF}.Release|Mixed Platforms.Build.0 = Release|Any CPU
		{E763345E-6696-4C53-8764-47E4ABD67DEF}.Release|x86.ActiveCfg = Release|Any CPU
		{E763345E-6696-4C53-8764-47E4ABD67DEF}.Release2005|Any CPU.ActiveCfg = Release|Any CPU
		{E763345E-6696-4C53-8764-47E4ABD67DEF}.Release2005|Any CPU.Build.0 = Release|Any CPU
		{E763345E-6696-4C53-8764-47E4ABD67DEF}.Release2005|Mixed Platforms.ActiveCfg = Release|Any CPU
		{E763345E-6696-4C53-8764-47E4ABD67DEF}.Release2005|Mixed Platforms.Build.0 = Release|Any CPU
		{E763345E-6696-4C53-8764-47E4ABD67DEF}.Release2005|x86.ActiveCfg = Release|Any CPU
		{E763345E-6696-4C53-8764-47E4ABD67DEF}.ReleaseTrial|Any CPU.ActiveCfg = Release|Any CPU
		{E763345E-6696-4C53-8764-47E4ABD67DEF}.ReleaseTrial|Any CPU.Build.0 = Release|Any CPU
		{E763345E-6696-4C53-8764-47E4ABD67DEF}.ReleaseTrial|Mixed Platforms.ActiveCfg = Release|Any CPU
		{E763345E-6696-4C53-8764-47E4ABD67DEF}.ReleaseTrial|Mixed Platforms.Build.0 = Release|Any CPU
		{E763345E-6696-4C53-8764-47E4ABD67DEF}.ReleaseTrial|x86.ActiveCfg = Release|Any CPU
		{E763345E-6696-4C53-8764-47E4ABD67DEF}.ReleaseTrial2005|Any CPU.ActiveCfg = Release|Any CPU
		{E763345E-6696-4C53-8764-47E4ABD67DEF}.ReleaseTrial2005|Any CPU.Build.0 = Release|Any CPU
		{E763345E-6696-4C53-8764-47E4ABD67DEF}.ReleaseTrial2005|Mixed Platforms.ActiveCfg = Release|Any CPU
		{E763345E-6696-4C53-8764-47E4ABD67DEF}.ReleaseTrial2005|Mixed Platforms.Build.0 = Release|Any CPU
		{E763345E-6696-4C53-8764-47E4ABD67DEF}.ReleaseTrial2005|x86.ActiveCfg = Release|Any CPU
		{E763345E-6696-4C53-8764-47E4ABD67DEF}.ReleaseTrialNoLimit|Any CPU.ActiveCfg = Release|Any CPU
		{E763345E-6696-4C53-8764-47E4ABD67DEF}.ReleaseTrialNoLimit|Any CPU.Build.0 = Release|Any CPU
		{E763345E-6696-4C53-8764-47E4ABD67DEF}.ReleaseTrialNoLimit|Mixed Platforms.ActiveCfg = Release|Any CPU
		{E763345E-6696-4C53-8764-47E4ABD67DEF}.ReleaseTrialNoLimit|Mixed Platforms.Build.0 = Release|Any CPU
		{E763345E-6696-4C53-8764-47E4ABD67DEF}.ReleaseTrialNoLimit|x86.ActiveCfg = Release|Any CPU
		{FEA18B6C-491F-401A-A06B-AE47888FF288}.Debug|Any CPU.ActiveCfg = Debug|Any CPU
		{FEA18B6C-491F-401A-A06B-AE47888FF288}.Debug|Any CPU.Build.0 = Debug|Any CPU
		{FEA18B6C-491F-401A-A06B-AE47888FF288}.Debug|Mixed Platforms.ActiveCfg = Debug|Any CPU
		{FEA18B6C-491F-401A-A06B-AE47888FF288}.Debug|Mixed Platforms.Build.0 = Debug|Any CPU
		{FEA18B6C-491F-401A-A06B-AE47888FF288}.Debug|x86.ActiveCfg = Debug|Any CPU
		{FEA18B6C-491F-401A-A06B-AE47888FF288}.Release|Any CPU.ActiveCfg = Release|Any CPU
		{FEA18B6C-491F-401A-A06B-AE47888FF288}.Release|Any CPU.Build.0 = Release|Any CPU
		{FEA18B6C-491F-401A-A06B-AE47888FF288}.Release|Mixed Platforms.ActiveCfg = Release|Any CPU
		{FEA18B6C-491F-401A-A06B-AE47888FF288}.Release|Mixed Platforms.Build.0 = Release|Any CPU
		{FEA18B6C-491F-401A-A06B-AE47888FF288}.Release|x86.ActiveCfg = Release|Any CPU
		{FEA18B6C-491F-401A-A06B-AE47888FF288}.Release2005|Any CPU.ActiveCfg = Release|Any CPU
		{FEA18B6C-491F-401A-A06B-AE47888FF288}.Release2005|Any CPU.Build.0 = Release|Any CPU
		{FEA18B6C-491F-401A-A06B-AE47888FF288}.Release2005|Mixed Platforms.ActiveCfg = Release|Any CPU
		{FEA18B6C-491F-401A-A06B-AE47888FF288}.Release2005|Mixed Platforms.Build.0 = Release|Any CPU
		{FEA18B6C-491F-401A-A06B-AE47888FF288}.Release2005|x86.ActiveCfg = Release|Any CPU
		{FEA18B6C-491F-401A-A06B-AE47888FF288}.ReleaseTrial|Any CPU.ActiveCfg = Release|Any CPU
		{FEA18B6C-491F-401A-A06B-AE47888FF288}.ReleaseTrial|Any CPU.Build.0 = Release|Any CPU
		{FEA18B6C-491F-401A-A06B-AE47888FF288}.ReleaseTrial|Mixed Platforms.ActiveCfg = Release|Any CPU
		{FEA18B6C-491F-401A-A06B-AE47888FF288}.ReleaseTrial|Mixed Platforms.Build.0 = Release|Any CPU
		{FEA18B6C-491F-401A-A06B-AE47888FF288}.ReleaseTrial|x86.ActiveCfg = Release|Any CPU
		{FEA18B6C-491F-401A-A06B-AE47888FF288}.ReleaseTrial2005|Any CPU.ActiveCfg = Release|Any CPU
		{FEA18B6C-491F-401A-A06B-AE47888FF288}.ReleaseTrial2005|Any CPU.Build.0 = Release|Any CPU
		{FEA18B6C-491F-401A-A06B-AE47888FF288}.ReleaseTrial2005|Mixed Platforms.ActiveCfg = Release|Any CPU
		{FEA18B6C-491F-401A-A06B-AE47888FF288}.ReleaseTrial2005|Mixed Platforms.Build.0 = Release|Any CPU
		{FEA18B6C-491F-401A-A06B-AE47888FF288}.ReleaseTrial2005|x86.ActiveCfg = Release|Any CPU
		{FEA18B6C-491F-401A-A06B-AE47888FF288}.ReleaseTrialNoLimit|Any CPU.ActiveCfg = Release|Any CPU
		{FEA18B6C-491F-401A-A06B-AE47888FF288}.ReleaseTrialNoLimit|Any CPU.Build.0 = Release|Any CPU
		{FEA18B6C-491F-401A-A06B-AE47888FF288}.ReleaseTrialNoLimit|Mixed Platforms.ActiveCfg = Release|Any CPU
		{FEA18B6C-491F-401A-A06B-AE47888FF288}.ReleaseTrialNoLimit|Mixed Platforms.Build.0 = Release|Any CPU
		{FEA18B6C-491F-401A-A06B-AE47888FF288}.ReleaseTrialNoLimit|x86.ActiveCfg = Release|Any CPU
		{3232779E-E9F4-4D70-9969-F435D98B1A8B}.Debug|Any CPU.ActiveCfg = Debug|Any CPU
		{3232779E-E9F4-4D70-9969-F435D98B1A8B}.Debug|Any CPU.Build.0 = Debug|Any CPU
		{3232779E-E9F4-4D70-9969-F435D98B1A8B}.Debug|Mixed Platforms.ActiveCfg = Debug|Any CPU
		{3232779E-E9F4-4D70-9969-F435D98B1A8B}.Debug|Mixed Platforms.Build.0 = Debug|Any CPU
		{3232779E-E9F4-4D70-9969-F435D98B1A8B}.Debug|x86.ActiveCfg = Debug|Any CPU
		{3232779E-E9F4-4D70-9969-F435D98B1A8B}.Release|Any CPU.ActiveCfg = Release|Any CPU
		{3232779E-E9F4-4D70-9969-F435D98B1A8B}.Release|Any CPU.Build.0 = Release|Any CPU
		{3232779E-E9F4-4D70-9969-F435D98B1A8B}.Release|Mixed Platforms.ActiveCfg = Release|Any CPU
		{3232779E-E9F4-4D70-9969-F435D98B1A8B}.Release|Mixed Platforms.Build.0 = Release|Any CPU
		{3232779E-E9F4-4D70-9969-F435D98B1A8B}.Release|x86.ActiveCfg = Release|Any CPU
		{3232779E-E9F4-4D70-9969-F435D98B1A8B}.Release2005|Any CPU.ActiveCfg = Release|Any CPU
		{3232779E-E9F4-4D70-9969-F435D98B1A8B}.Release2005|Any CPU.Build.0 = Release|Any CPU
		{3232779E-E9F4-4D70-9969-F435D98B1A8B}.Release2005|Mixed Platforms.ActiveCfg = Release|Any CPU
		{3232779E-E9F4-4D70-9969-F435D98B1A8B}.Release2005|Mixed Platforms.Build.0 = Release|Any CPU
		{3232779E-E9F4-4D70-9969-F435D98B1A8B}.Release2005|x86.ActiveCfg = Release|Any CPU
		{3232779E-E9F4-4D70-9969-F435D98B1A8B}.ReleaseTrial|Any CPU.ActiveCfg = Release|Any CPU
		{3232779E-E9F4-4D70-9969-F435D98B1A8B}.ReleaseTrial|Any CPU.Build.0 = Release|Any CPU
		{3232779E-E9F4-4D70-9969-F435D98B1A8B}.ReleaseTrial|Mixed Platforms.ActiveCfg = Release|Any CPU
		{3232779E-E9F4-4D70-9969-F435D98B1A8B}.ReleaseTrial|Mixed Platforms.Build.0 = Release|Any CPU
		{3232779E-E9F4-4D70-9969-F435D98B1A8B}.ReleaseTrial|x86.ActiveCfg = Release|Any CPU
		{3232779E-E9F4-4D70-9969-F435D98B1A8B}.ReleaseTrial2005|Any CPU.ActiveCfg = Release|Any CPU
		{3232779E-E9F4-4D70-9969-F435D98B1A8B}.ReleaseTrial2005|Any CPU.Build.0 = Release|Any CPU
		{3232779E-E9F4-4D70-9969-F435D98B1A8B}.ReleaseTrial2005|Mixed Platforms.ActiveCfg = Release|Any CPU
		{3232779E-E9F4-4D70-9969-F435D98B1A8B}.ReleaseTrial2005|Mixed Platforms.Build.0 = Release|Any CPU
		{3232779E-E9F4-4D70-9969-F435D98B1A8B}.ReleaseTrial2005|x86.ActiveCfg = Release|Any CPU
		{3232779E-E9F4-4D70-9969-F435D98B1A8B}.ReleaseTrialNoLimit|Any CPU.ActiveCfg = Release|Any CPU
		{3232779E-E9F4-4D70-9969-F435D98B1A8B}.ReleaseTrialNoLimit|Any CPU.Build.0 = Release|Any CPU
		{3232779E-E9F4-4D70-9969-F435D98B1A8B}.ReleaseTrialNoLimit|Mixed Platforms.ActiveCfg = Release|Any CPU
		{3232779E-E9F4-4D70-9969-F435D98B1A8B}.ReleaseTrialNoLimit|Mixed Platforms.Build.0 = Release|Any CPU
		{3232779E-E9F4-4D70-9969-F435D98B1A8B}.ReleaseTrialNoLimit|x86.ActiveCfg = Release|Any CPU
		{69C99442-953E-4559-96D3-C82CC57A3C87}.Debug|Any CPU.ActiveCfg = Debug|Any CPU
		{69C99442-953E-4559-96D3-C82CC57A3C87}.Debug|Any CPU.Build.0 = Debug|Any CPU
		{69C99442-953E-4559-96D3-C82CC57A3C87}.Debug|Mixed Platforms.ActiveCfg = Debug|Any CPU
		{69C99442-953E-4559-96D3-C82CC57A3C87}.Debug|Mixed Platforms.Build.0 = Debug|Any CPU
		{69C99442-953E-4559-96D3-C82CC57A3C87}.Debug|x86.ActiveCfg = Debug|Any CPU
		{69C99442-953E-4559-96D3-C82CC57A3C87}.Release|Any CPU.ActiveCfg = Release|Any CPU
		{69C99442-953E-4559-96D3-C82CC57A3C87}.Release|Any CPU.Build.0 = Release|Any CPU
		{69C99442-953E-4559-96D3-C82CC57A3C87}.Release|Mixed Platforms.ActiveCfg = Release|Any CPU
		{69C99442-953E-4559-96D3-C82CC57A3C87}.Release|Mixed Platforms.Build.0 = Release|Any CPU
		{69C99442-953E-4559-96D3-C82CC57A3C87}.Release|x86.ActiveCfg = Release|Any CPU
		{69C99442-953E-4559-96D3-C82CC57A3C87}.Release2005|Any CPU.ActiveCfg = Release|Any CPU
		{69C99442-953E-4559-96D3-C82CC57A3C87}.Release2005|Any CPU.Build.0 = Release|Any CPU
		{69C99442-953E-4559-96D3-C82CC57A3C87}.Release2005|Mixed Platforms.ActiveCfg = Release|Any CPU
		{69C99442-953E-4559-96D3-C82CC57A3C87}.Release2005|Mixed Platforms.Build.0 = Release|Any CPU
		{69C99442-953E-4559-96D3-C82CC57A3C87}.Release2005|x86.ActiveCfg = Release|Any CPU
		{69C99442-953E-4559-96D3-C82CC57A3C87}.ReleaseTrial|Any CPU.ActiveCfg = Release|Any CPU
		{69C99442-953E-4559-96D3-C82CC57A3C87}.ReleaseTrial|Any CPU.Build.0 = Release|Any CPU
		{69C99442-953E-4559-96D3-C82CC57A3C87}.ReleaseTrial|Mixed Platforms.ActiveCfg = Release|Any CPU
		{69C99442-953E-4559-96D3-C82CC57A3C87}.ReleaseTrial|Mixed Platforms.Build.0 = Release|Any CPU
		{69C99442-953E-4559-96D3-C82CC57A3C87}.ReleaseTrial|x86.ActiveCfg = Release|Any CPU
		{69C99442-953E-4559-96D3-C82CC57A3C87}.ReleaseTrial2005|Any CPU.ActiveCfg = Release|Any CPU
		{69C99442-953E-4559-96D3-C82CC57A3C87}.ReleaseTrial2005|Any CPU.Build.0 = Release|Any CPU
		{69C99442-953E-4559-96D3-C82CC57A3C87}.ReleaseTrial2005|Mixed Platforms.ActiveCfg = Release|Any CPU
		{69C99442-953E-4559-96D3-C82CC57A3C87}.ReleaseTrial2005|Mixed Platforms.Build.0 = Release|Any CPU
		{69C99442-953E-4559-96D3-C82CC57A3C87}.ReleaseTrial2005|x86.ActiveCfg = Release|Any CPU
		{69C99442-953E-4559-96D3-C82CC57A3C87}.ReleaseTrialNoLimit|Any CPU.ActiveCfg = Release|Any CPU
		{69C99442-953E-4559-96D3-C82CC57A3C87}.ReleaseTrialNoLimit|Any CPU.Build.0 = Release|Any CPU
		{69C99442-953E-4559-96D3-C82CC57A3C87}.ReleaseTrialNoLimit|Mixed Platforms.ActiveCfg = Release|Any CPU
		{69C99442-953E-4559-96D3-C82CC57A3C87}.ReleaseTrialNoLimit|Mixed Platforms.Build.0 = Release|Any CPU
		{69C99442-953E-4559-96D3-C82CC57A3C87}.ReleaseTrialNoLimit|x86.ActiveCfg = Release|Any CPU
		{91BB212C-D158-4B83-A3BC-1A41BBDC8463}.Debug|Any CPU.ActiveCfg = Debug|Any CPU
		{91BB212C-D158-4B83-A3BC-1A41BBDC8463}.Debug|Any CPU.Build.0 = Debug|Any CPU
		{91BB212C-D158-4B83-A3BC-1A41BBDC8463}.Debug|Mixed Platforms.ActiveCfg = Debug|Any CPU
		{91BB212C-D158-4B83-A3BC-1A41BBDC8463}.Debug|Mixed Platforms.Build.0 = Debug|Any CPU
		{91BB212C-D158-4B83-A3BC-1A41BBDC8463}.Debug|x86.ActiveCfg = Debug|Any CPU
		{91BB212C-D158-4B83-A3BC-1A41BBDC8463}.Release|Any CPU.ActiveCfg = Release|Any CPU
		{91BB212C-D158-4B83-A3BC-1A41BBDC8463}.Release|Any CPU.Build.0 = Release|Any CPU
		{91BB212C-D158-4B83-A3BC-1A41BBDC8463}.Release|Mixed Platforms.ActiveCfg = Release|Any CPU
		{91BB212C-D158-4B83-A3BC-1A41BBDC8463}.Release|Mixed Platforms.Build.0 = Release|Any CPU
		{91BB212C-D158-4B83-A3BC-1A41BBDC8463}.Release|x86.ActiveCfg = Release|Any CPU
		{91BB212C-D158-4B83-A3BC-1A41BBDC8463}.Release2005|Any CPU.ActiveCfg = Release|Any CPU
		{91BB212C-D158-4B83-A3BC-1A41BBDC8463}.Release2005|Any CPU.Build.0 = Release|Any CPU
		{91BB212C-D158-4B83-A3BC-1A41BBDC8463}.Release2005|Mixed Platforms.ActiveCfg = Release|Any CPU
		{91BB212C-D158-4B83-A3BC-1A41BBDC8463}.Release2005|Mixed Platforms.Build.0 = Release|Any CPU
		{91BB212C-D158-4B83-A3BC-1A41BBDC8463}.Release2005|x86.ActiveCfg = Release|Any CPU
		{91BB212C-D158-4B83-A3BC-1A41BBDC8463}.ReleaseTrial|Any CPU.ActiveCfg = Release|Any CPU
		{91BB212C-D158-4B83-A3BC-1A41BBDC8463}.ReleaseTrial|Any CPU.Build.0 = Release|Any CPU
		{91BB212C-D158-4B83-A3BC-1A41BBDC8463}.ReleaseTrial|Mixed Platforms.ActiveCfg = Release|Any CPU
		{91BB212C-D158-4B83-A3BC-1A41BBDC8463}.ReleaseTrial|Mixed Platforms.Build.0 = Release|Any CPU
		{91BB212C-D158-4B83-A3BC-1A41BBDC8463}.ReleaseTrial|x86.ActiveCfg = Release|Any CPU
		{91BB212C-D158-4B83-A3BC-1A41BBDC8463}.ReleaseTrial2005|Any CPU.ActiveCfg = Release|Any CPU
		{91BB212C-D158-4B83-A3BC-1A41BBDC8463}.ReleaseTrial2005|Any CPU.Build.0 = Release|Any CPU
		{91BB212C-D158-4B83-A3BC-1A41BBDC8463}.ReleaseTrial2005|Mixed Platforms.ActiveCfg = Release|Any CPU
		{91BB212C-D158-4B83-A3BC-1A41BBDC8463}.ReleaseTrial2005|Mixed Platforms.Build.0 = Release|Any CPU
		{91BB212C-D158-4B83-A3BC-1A41BBDC8463}.ReleaseTrial2005|x86.ActiveCfg = Release|Any CPU
		{91BB212C-D158-4B83-A3BC-1A41BBDC8463}.ReleaseTrialNoLimit|Any CPU.ActiveCfg = Release|Any CPU
		{91BB212C-D158-4B83-A3BC-1A41BBDC8463}.ReleaseTrialNoLimit|Any CPU.Build.0 = Release|Any CPU
		{91BB212C-D158-4B83-A3BC-1A41BBDC8463}.ReleaseTrialNoLimit|Mixed Platforms.ActiveCfg = Release|Any CPU
		{91BB212C-D158-4B83-A3BC-1A41BBDC8463}.ReleaseTrialNoLimit|Mixed Platforms.Build.0 = Release|Any CPU
		{91BB212C-D158-4B83-A3BC-1A41BBDC8463}.ReleaseTrialNoLimit|x86.ActiveCfg = Release|Any CPU
		{488BAD4A-18C7-4954-ACC8-FC7B4A31F6F7}.Debug|Any CPU.ActiveCfg = Debug|Any CPU
		{488BAD4A-18C7-4954-ACC8-FC7B4A31F6F7}.Debug|Any CPU.Build.0 = Debug|Any CPU
		{488BAD4A-18C7-4954-ACC8-FC7B4A31F6F7}.Debug|Mixed Platforms.ActiveCfg = Debug|Any CPU
		{488BAD4A-18C7-4954-ACC8-FC7B4A31F6F7}.Debug|Mixed Platforms.Build.0 = Debug|Any CPU
		{488BAD4A-18C7-4954-ACC8-FC7B4A31F6F7}.Debug|x86.ActiveCfg = Debug|Any CPU
		{488BAD4A-18C7-4954-ACC8-FC7B4A31F6F7}.Release|Any CPU.ActiveCfg = Release|Any CPU
		{488BAD4A-18C7-4954-ACC8-FC7B4A31F6F7}.Release|Any CPU.Build.0 = Release|Any CPU
		{488BAD4A-18C7-4954-ACC8-FC7B4A31F6F7}.Release|Mixed Platforms.ActiveCfg = Release|Any CPU
		{488BAD4A-18C7-4954-ACC8-FC7B4A31F6F7}.Release|Mixed Platforms.Build.0 = Release|Any CPU
		{488BAD4A-18C7-4954-ACC8-FC7B4A31F6F7}.Release|x86.ActiveCfg = Release|Any CPU
		{488BAD4A-18C7-4954-ACC8-FC7B4A31F6F7}.Release2005|Any CPU.ActiveCfg = Release|Any CPU
		{488BAD4A-18C7-4954-ACC8-FC7B4A31F6F7}.Release2005|Any CPU.Build.0 = Release|Any CPU
		{488BAD4A-18C7-4954-ACC8-FC7B4A31F6F7}.Release2005|Mixed Platforms.ActiveCfg = Release|Any CPU
		{488BAD4A-18C7-4954-ACC8-FC7B4A31F6F7}.Release2005|Mixed Platforms.Build.0 = Release|Any CPU
		{488BAD4A-18C7-4954-ACC8-FC7B4A31F6F7}.Release2005|x86.ActiveCfg = Release|Any CPU
		{488BAD4A-18C7-4954-ACC8-FC7B4A31F6F7}.ReleaseTrial|Any CPU.ActiveCfg = Release|Any CPU
		{488BAD4A-18C7-4954-ACC8-FC7B4A31F6F7}.ReleaseTrial|Any CPU.Build.0 = Release|Any CPU
		{488BAD4A-18C7-4954-ACC8-FC7B4A31F6F7}.ReleaseTrial|Mixed Platforms.ActiveCfg = Release|Any CPU
		{488BAD4A-18C7-4954-ACC8-FC7B4A31F6F7}.ReleaseTrial|Mixed Platforms.Build.0 = Release|Any CPU
		{488BAD4A-18C7-4954-ACC8-FC7B4A31F6F7}.ReleaseTrial|x86.ActiveCfg = Release|Any CPU
		{488BAD4A-18C7-4954-ACC8-FC7B4A31F6F7}.ReleaseTrial2005|Any CPU.ActiveCfg = Release|Any CPU
		{488BAD4A-18C7-4954-ACC8-FC7B4A31F6F7}.ReleaseTrial2005|Any CPU.Build.0 = Release|Any CPU
		{488BAD4A-18C7-4954-ACC8-FC7B4A31F6F7}.ReleaseTrial2005|Mixed Platforms.ActiveCfg = Release|Any CPU
		{488BAD4A-18C7-4954-ACC8-FC7B4A31F6F7}.ReleaseTrial2005|Mixed Platforms.Build.0 = Release|Any CPU
		{488BAD4A-18C7-4954-ACC8-FC7B4A31F6F7}.ReleaseTrial2005|x86.ActiveCfg = Release|Any CPU
		{488BAD4A-18C7-4954-ACC8-FC7B4A31F6F7}.ReleaseTrialNoLimit|Any CPU.ActiveCfg = Release|Any CPU
		{488BAD4A-18C7-4954-ACC8-FC7B4A31F6F7}.ReleaseTrialNoLimit|Any CPU.Build.0 = Release|Any CPU
		{488BAD4A-18C7-4954-ACC8-FC7B4A31F6F7}.ReleaseTrialNoLimit|Mixed Platforms.ActiveCfg = Release|Any CPU
		{488BAD4A-18C7-4954-ACC8-FC7B4A31F6F7}.ReleaseTrialNoLimit|Mixed Platforms.Build.0 = Release|Any CPU
		{488BAD4A-18C7-4954-ACC8-FC7B4A31F6F7}.ReleaseTrialNoLimit|x86.ActiveCfg = Release|Any CPU
		{A4E944F2-E298-4D6D-9276-6A1891036128}.Debug|Any CPU.ActiveCfg = Debug|Any CPU
		{A4E944F2-E298-4D6D-9276-6A1891036128}.Debug|Any CPU.Build.0 = Debug|Any CPU
		{A4E944F2-E298-4D6D-9276-6A1891036128}.Debug|Mixed Platforms.ActiveCfg = Debug|Any CPU
		{A4E944F2-E298-4D6D-9276-6A1891036128}.Debug|Mixed Platforms.Build.0 = Debug|Any CPU
		{A4E944F2-E298-4D6D-9276-6A1891036128}.Debug|x86.ActiveCfg = Debug|Any CPU
		{A4E944F2-E298-4D6D-9276-6A1891036128}.Release|Any CPU.ActiveCfg = Release|Any CPU
		{A4E944F2-E298-4D6D-9276-6A1891036128}.Release|Any CPU.Build.0 = Release|Any CPU
		{A4E944F2-E298-4D6D-9276-6A1891036128}.Release|Mixed Platforms.ActiveCfg = Release|Any CPU
		{A4E944F2-E298-4D6D-9276-6A1891036128}.Release|Mixed Platforms.Build.0 = Release|Any CPU
		{A4E944F2-E298-4D6D-9276-6A1891036128}.Release|x86.ActiveCfg = Release|Any CPU
		{A4E944F2-E298-4D6D-9276-6A1891036128}.Release2005|Any CPU.ActiveCfg = Release|Any CPU
		{A4E944F2-E298-4D6D-9276-6A1891036128}.Release2005|Any CPU.Build.0 = Release|Any CPU
		{A4E944F2-E298-4D6D-9276-6A1891036128}.Release2005|Mixed Platforms.ActiveCfg = Release|Any CPU
		{A4E944F2-E298-4D6D-9276-6A1891036128}.Release2005|Mixed Platforms.Build.0 = Release|Any CPU
		{A4E944F2-E298-4D6D-9276-6A1891036128}.Release2005|x86.ActiveCfg = Release|Any CPU
		{A4E944F2-E298-4D6D-9276-6A1891036128}.ReleaseTrial|Any CPU.ActiveCfg = Release|Any CPU
		{A4E944F2-E298-4D6D-9276-6A1891036128}.ReleaseTrial|Any CPU.Build.0 = Release|Any CPU
		{A4E944F2-E298-4D6D-9276-6A1891036128}.ReleaseTrial|Mixed Platforms.ActiveCfg = Release|Any CPU
		{A4E944F2-E298-4D6D-9276-6A1891036128}.ReleaseTrial|Mixed Platforms.Build.0 = Release|Any CPU
		{A4E944F2-E298-4D6D-9276-6A1891036128}.ReleaseTrial|x86.ActiveCfg = Release|Any CPU
		{A4E944F2-E298-4D6D-9276-6A1891036128}.ReleaseTrial2005|Any CPU.ActiveCfg = Release|Any CPU
		{A4E944F2-E298-4D6D-9276-6A1891036128}.ReleaseTrial2005|Any CPU.Build.0 = Release|Any CPU
		{A4E944F2-E298-4D6D-9276-6A1891036128}.ReleaseTrial2005|Mixed Platforms.ActiveCfg = Release|Any CPU
		{A4E944F2-E298-4D6D-9276-6A1891036128}.ReleaseTrial2005|Mixed Platforms.Build.0 = Release|Any CPU
		{A4E944F2-E298-4D6D-9276-6A1891036128}.ReleaseTrial2005|x86.ActiveCfg = Release|Any CPU
		{A4E944F2-E298-4D6D-9276-6A1891036128}.ReleaseTrialNoLimit|Any CPU.ActiveCfg = Release|Any CPU
		{A4E944F2-E298-4D6D-9276-6A1891036128}.ReleaseTrialNoLimit|Any CPU.Build.0 = Release|Any CPU
		{A4E944F2-E298-4D6D-9276-6A1891036128}.ReleaseTrialNoLimit|Mixed Platforms.ActiveCfg = Release|Any CPU
		{A4E944F2-E298-4D6D-9276-6A1891036128}.ReleaseTrialNoLimit|Mixed Platforms.Build.0 = Release|Any CPU
		{A4E944F2-E298-4D6D-9276-6A1891036128}.ReleaseTrialNoLimit|x86.ActiveCfg = Release|Any CPU
		{75011A46-1E75-4C1E-92FF-4798338F177F}.Debug|Any CPU.ActiveCfg = Debug|x86
		{75011A46-1E75-4C1E-92FF-4798338F177F}.Debug|Mixed Platforms.ActiveCfg = Debug|x86
		{75011A46-1E75-4C1E-92FF-4798338F177F}.Debug|Mixed Platforms.Build.0 = Debug|x86
		{75011A46-1E75-4C1E-92FF-4798338F177F}.Debug|x86.ActiveCfg = Debug|x86
		{75011A46-1E75-4C1E-92FF-4798338F177F}.Debug|x86.Build.0 = Debug|x86
		{75011A46-1E75-4C1E-92FF-4798338F177F}.Release|Any CPU.ActiveCfg = Release|x86
		{75011A46-1E75-4C1E-92FF-4798338F177F}.Release|Mixed Platforms.ActiveCfg = Release|x86
		{75011A46-1E75-4C1E-92FF-4798338F177F}.Release|Mixed Platforms.Build.0 = Release|x86
		{75011A46-1E75-4C1E-92FF-4798338F177F}.Release|x86.ActiveCfg = Release|x86
		{75011A46-1E75-4C1E-92FF-4798338F177F}.Release|x86.Build.0 = Release|x86
		{75011A46-1E75-4C1E-92FF-4798338F177F}.Release2005|Any CPU.ActiveCfg = Release|x86
		{75011A46-1E75-4C1E-92FF-4798338F177F}.Release2005|Mixed Platforms.ActiveCfg = Release|x86
		{75011A46-1E75-4C1E-92FF-4798338F177F}.Release2005|Mixed Platforms.Build.0 = Release|x86
		{75011A46-1E75-4C1E-92FF-4798338F177F}.Release2005|x86.ActiveCfg = Release|x86
		{75011A46-1E75-4C1E-92FF-4798338F177F}.Release2005|x86.Build.0 = Release|x86
		{75011A46-1E75-4C1E-92FF-4798338F177F}.ReleaseTrial|Any CPU.ActiveCfg = Release|x86
		{75011A46-1E75-4C1E-92FF-4798338F177F}.ReleaseTrial|Mixed Platforms.ActiveCfg = Release|x86
		{75011A46-1E75-4C1E-92FF-4798338F177F}.ReleaseTrial|Mixed Platforms.Build.0 = Release|x86
		{75011A46-1E75-4C1E-92FF-4798338F177F}.ReleaseTrial|x86.ActiveCfg = Release|x86
		{75011A46-1E75-4C1E-92FF-4798338F177F}.ReleaseTrial|x86.Build.0 = Release|x86
		{75011A46-1E75-4C1E-92FF-4798338F177F}.ReleaseTrial2005|Any CPU.ActiveCfg = Release|x86
		{75011A46-1E75-4C1E-92FF-4798338F177F}.ReleaseTrial2005|Mixed Platforms.ActiveCfg = Release|x86
		{75011A46-1E75-4C1E-92FF-4798338F177F}.ReleaseTrial2005|Mixed Platforms.Build.0 = Release|x86
		{75011A46-1E75-4C1E-92FF-4798338F177F}.ReleaseTrial2005|x86.ActiveCfg = Release|x86
		{75011A46-1E75-4C1E-92FF-4798338F177F}.ReleaseTrial2005|x86.Build.0 = Release|x86
		{75011A46-1E75-4C1E-92FF-4798338F177F}.ReleaseTrialNoLimit|Any CPU.ActiveCfg = Release|x86
		{75011A46-1E75-4C1E-92FF-4798338F177F}.ReleaseTrialNoLimit|Mixed Platforms.ActiveCfg = Release|x86
		{75011A46-1E75-4C1E-92FF-4798338F177F}.ReleaseTrialNoLimit|Mixed Platforms.Build.0 = Release|x86
		{75011A46-1E75-4C1E-92FF-4798338F177F}.ReleaseTrialNoLimit|x86.ActiveCfg = Release|x86
		{75011A46-1E75-4C1E-92FF-4798338F177F}.ReleaseTrialNoLimit|x86.Build.0 = Release|x86
	EndGlobalSection
	GlobalSection(SolutionProperties) = preSolution
		HideSolutionNode = FALSE
	EndGlobalSection
EndGlobal
